lockfileVersion: '9.0'

settings:
  autoInstallPeers: true
  excludeLinksFromLockfile: false

importers:

  .:
    dependencies:
      cors-anywhere:
        specifier: ^0.4.4
        version: 0.4.4

packages:

  cors-anywhere@0.4.4:
    resolution: {integrity: sha512-8OBFwnzMgR4mNrAeAyOLB2EruS2z7u02of2bOu7i9kKYlZG+niS7CTHLPgEXKWW2NAOJWRry9RRCaL9lJRjNqg==}
    engines: {node: '>=0.10.0'}

  eventemitter3@1.2.0:
    resolution: {integrity: sha512-DOFqA1MF46fmZl2xtzXR3MPCRsXqgoFqdXcrCVYM3JNnfUeHTm/fh/v/iU7gBFpwkuBmoJPAm5GuhdDfSEJMJA==}

  http-proxy@1.11.1:
    resolution: {integrity: sha512-qz7jZarkVG3G6GMq+4VRJPSN4NkIjL4VMTNhKGd8jc25BumeJjWWvnY3A7OkCGa8W1TTxbaK3dcE0ijFalITVA==}
    engines: {node: '>=0.10.0'}

  proxy-from-env@0.0.1:
    resolution: {integrity: sha512-B9Hnta3CATuMS0q6kt5hEezOPM+V3dgaRewkFtFoaRQYTVNsHqUvFXmndH06z3QO1ZdDnRELv5vfY6zAj/gG7A==}

  requires-port@0.0.1:
    resolution: {integrity: sha512-AzPDCliPoWDSvEVYRQmpzuPhGGEnPrQz9YiOEvn+UdB9ixBpw+4IOZWtwctmpzySLZTy7ynpn47V14H4yaowtA==}

snapshots:

  cors-anywhere@0.4.4:
    dependencies:
      http-proxy: 1.11.1
      proxy-from-env: 0.0.1

  eventemitter3@1.2.0: {}

  http-proxy@1.11.1:
    dependencies:
      eventemitter3: 1.2.0
      requires-port: 0.0.1

  proxy-from-env@0.0.1: {}

  requires-port@0.0.1: {}
